
Microsoft Visual Studio Solution File, Format Version 12.00
# Visual Studio Version 16
VisualStudioVersion = 16.0.30804.86
MinimumVisualStudioVersion = 10.0.40219.1
Project("{FAE04EC0-301F-11D3-BF4B-00C04F79EFBC}") = "Project", "Project\Project.csproj", "{AAA4E56F-8358-4091-943F-4A9A95D02E60}"
EndProject
Global
	GlobalSection(SolutionConfigurationPlatforms) = preSolution
		Debug|Any CPU = Debug|Any CPU
		Release|Any CPU = Release|Any CPU
	EndGlobalSection
	GlobalSection(ProjectConfigurationPlatforms) = postSolution
		{AAA4E56F-8358-4091-943F-4A9A95D02E60}.Debug|Any CPU.ActiveCfg = Debug|Any CPU
		{AAA4E56F-8358-4091-943F-4A9A95D02E60}.Debug|Any CPU.Build.0 = Debug|Any CPU
		{AAA4E56F-8358-4091-943F-4A9A95D02E60}.Release|Any CPU.ActiveCfg = Release|Any CPU
		{AAA4E56F-8358-4091-943F-4A9A95D02E60}.Release|Any CPU.Build.0 = Release|Any CPU
	EndGlobalSection
	GlobalSection(SolutionProperties) = preSolution
		HideSolutionNode = FALSE
	EndGlobalSection
	GlobalSection(ExtensibilityGlobals) = postSolution
		SolutionGuid = {A8054FAE-3D88-4DB7-910C-8AB04BFA0059}
	EndGlobalSection
EndGlobal
